
Microsoft Visual Studio Solution File, Format Version 11.00
# Visual Studio 2010
Project("{FAE04EC0-301F-11D3-BF4B-00C04F79EFBC}") = "Assembly-CSharp", "Assembly-CSharp.csproj", "{E8634F88-52EE-9865-DE48-530B40685932}"
EndProject
Project("{FAE04EC0-301F-11D3-BF4B-00C04F79EFBC}") = "Assembly-CSharp-Editor", "Assembly-CSharp-Editor.csproj", "{BA053D32-7301-F612-2769-FE977A09F04C}"
EndProject
Global
	GlobalSection(SolutionConfigurationPlatforms) = preSolution
		Debug|Any CPU = Debug|Any CPU
		Release|Any CPU = Release|Any CPU
	EndGlobalSection
	GlobalSection(ProjectConfigurationPlatforms) = postSolution
		{E8634F88-52EE-9865-DE48-530B40685932}.Debug|Any CPU.ActiveCfg = Debug|Any CPU
		{E8634F88-52EE-9865-DE48-530B40685932}.Debug|Any CPU.Build.0 = Debug|Any CPU
		{E8634F88-52EE-9865-DE48-530B40685932}.Release|Any CPU.ActiveCfg = Release|Any CPU
		{E8634F88-52EE-9865-DE48-530B40685932}.Release|Any CPU.Build.0 = Release|Any CPU
		{BA053D32-7301-F612-2769-FE977A09F04C}.Debug|Any CPU.ActiveCfg = Debug|Any CPU
		{BA053D32-7301-F612-2769-FE977A09F04C}.Debug|Any CPU.Build.0 = Debug|Any CPU
		{BA053D32-7301-F612-2769-FE977A09F04C}.Release|Any CPU.ActiveCfg = Release|Any CPU
		{BA053D32-7301-F612-2769-FE977A09F04C}.Release|Any CPU.Build.0 = Release|Any CPU
	EndGlobalSection
	GlobalSection(SolutionProperties) = preSolution
		HideSolutionNode = FALSE
	EndGlobalSection
	GlobalSection(MonoDevelopProperties) = preSolution
		StartupItem = Assembly-CSharp.csproj
	EndGlobalSection
EndGlobal
